
Microsoft Visual Studio Solution File, Format Version 12.00
# Visual Studio Version 17
VisualStudioVersion = 17.11.35303.130
MinimumVisualStudioVersion = 10.0.40219.1
Project("{2150E333-8FDC-42A3-9474-1A3956D46DE8}") = "Task0", "Task0", "{C0CA6095-FD5D-499D-8993-F304CEF57624}"
EndProject
Project("{9A19103F-16F7-4668-BE54-9A1E7A4F7556}") = "Tyuiu.KulkoDA.Sprint6.Task0.V28.Lib", "Tyuiu.KulkoDA.Sprint6.Task0.V28.Lib\Tyuiu.KulkoDA.Sprint6.Task0.V28.Lib.csproj", "{CC798246-A809-49F3-B0AB-B39CB407D0BA}"
EndProject
Project("{9A19103F-16F7-4668-BE54-9A1E7A4F7556}") = "Tyuiu.KulkoDA.Sprint6.Task0.V28.Test", "Tyuiu.KulkoDA.Sprint6.Task0.V28.Test\Tyuiu.KulkoDA.Sprint6.Task0.V28.Test.csproj", "{E9902F09-A531-4042-B543-AF5C94C48876}"
EndProject
Project("{9A19103F-16F7-4668-BE54-9A1E7A4F7556}") = "Tyuiu.KulkoDA.Sprint6.Task0.V28", "Tyuiu.KulkoDA.Sprint6.Task0.V28\Tyuiu.KulkoDA.Sprint6.Task0.V28.csproj", "{6A61C6DF-60AB-486E-941F-2AEFDF12A9F9}"
EndProject
Project("{2150E333-8FDC-42A3-9474-1A3956D46DE8}") = "Task1", "Task1", "{3A630D00-C1ED-4BFC-A40F-C70ABF53A275}"
EndProject
Project("{9A19103F-16F7-4668-BE54-9A1E7A4F7556}") = "Tyuiu.KulkoDA.Sprint6.Task1.V25", "Tyuiu.KulkoDA.Sprint6.Task1.V25\Tyuiu.KulkoDA.Sprint6.Task1.V25.csproj", "{69410210-13C0-415A-B75D-7D4BA4D65D4E}"
EndProject
Project("{9A19103F-16F7-4668-BE54-9A1E7A4F7556}") = "Tyuiu.KulkoDA.Sprint6.Task1.V25.Lib", "Tyuiu.KulkoDA.Sprint6.Task1.V25.Lib\Tyuiu.KulkoDA.Sprint6.Task1.V25.Lib.csproj", "{00649BC8-42FC-458E-AB65-20D57B8F6F74}"
EndProject
Project("{9A19103F-16F7-4668-BE54-9A1E7A4F7556}") = "Tyuiu.KulkoDA.Sprint6.Task1.V25.Test", "Tyuiu.KulkoDA.Sprint6.Task1.V25.Test\Tyuiu.KulkoDA.Sprint6.Task1.V25.Test.csproj", "{F3BC00F8-6AC3-4035-A883-53085A5F6A46}"
EndProject
Project("{2150E333-8FDC-42A3-9474-1A3956D46DE8}") = "Task2", "Task2", "{9546060E-A9E0-444A-A701-FDB7BCF89EB5}"
EndProject
Project("{9A19103F-16F7-4668-BE54-9A1E7A4F7556}") = "Tyuiu.KulkoDA.Sprint6.Task2.V2.Lib", "Tyuiu.KulkoDA.Sprint6.Task2.V2.Lib\Tyuiu.KulkoDA.Sprint6.Task2.V2.Lib.csproj", "{54C0E8A6-60AB-4F31-B730-9E8848A01848}"
EndProject
Project("{9A19103F-16F7-4668-BE54-9A1E7A4F7556}") = "Tyuiu.KulkoDA.Sprint6.Task2.V2.Test", "Tyuiu.KulkoDA.Sprint6.Task2.V2.Test\Tyuiu.KulkoDA.Sprint6.Task2.V2.Test.csproj", "{7E36B55C-F2BD-41D8-8A8B-5E22843F5AD8}"
EndProject
Project("{9A19103F-16F7-4668-BE54-9A1E7A4F7556}") = "Tyuiu.KulkoDA.Sprint6.Task2.V2", "Tyuiu.KulkoDA.Sprint6.Task2.V2\Tyuiu.KulkoDA.Sprint6.Task2.V2.csproj", "{2B0A080B-7452-4920-A94B-04A3B488EF3C}"
EndProject
Project("{2150E333-8FDC-42A3-9474-1A3956D46DE8}") = "Task3", "Task3", "{5B56BEBF-2252-48DF-B71E-3E81A3E77351}"
EndProject
Project("{9A19103F-16F7-4668-BE54-9A1E7A4F7556}") = "Tyuiu.KulkoDA.Sprint6.Task3.V26.Lib", "Tyuiu.KulkoDA.Sprint6.Task3.V26.Lib\Tyuiu.KulkoDA.Sprint6.Task3.V26.Lib.csproj", "{8B6944CF-93D3-442A-843C-56827EB2C196}"
EndProject
Project("{9A19103F-16F7-4668-BE54-9A1E7A4F7556}") = "Tyuiu.KulkoDA.Sprint6.Task3.V26.Test", "Tyuiu.KulkoDA.Sprint6.Task3.V26.Test\Tyuiu.KulkoDA.Sprint6.Task3.V26.Test.csproj", "{2401F83D-D8AD-4EBA-965F-1C801C5DCA43}"
EndProject
Project("{9A19103F-16F7-4668-BE54-9A1E7A4F7556}") = "Tyuiu.KulkoDA.Sprint6.Task3.V26", "Tyuiu.KulkoDA.Sprint6.Task3.V26\Tyuiu.KulkoDA.Sprint6.Task3.V26.csproj", "{070B4E60-A7DF-4647-823C-7D6D241487C3}"
EndProject
Project("{2150E333-8FDC-42A3-9474-1A3956D46DE8}") = "Task4", "Task4", "{502EBA86-1872-43C1-A9E0-15D98A2D8A68}"
EndProject
Project("{9A19103F-16F7-4668-BE54-9A1E7A4F7556}") = "Tyuiu.KulkoDA.Sprint6.Task4.V18.Lib", "Tyuiu.KulkoDA.Sprint6.Task4.V18.Lib\Tyuiu.KulkoDA.Sprint6.Task4.V18.Lib.csproj", "{1CEBEBFE-E5D5-485A-8631-1C49AA96FB6E}"
EndProject
Project("{9A19103F-16F7-4668-BE54-9A1E7A4F7556}") = "Tyuiu.KulkoDA.Sprint6.Task4.V18.Test", "Tyuiu.KulkoDA.Sprint6.Task4.V18.Test\Tyuiu.KulkoDA.Sprint6.Task4.V18.Test.csproj", "{48DBFB9C-6FAE-4553-92B7-8F9AFC9A6042}"
EndProject
Project("{9A19103F-16F7-4668-BE54-9A1E7A4F7556}") = "Tyuiu.KulkoDA.Sprint6.Task4.V18", "Tyuiu.KulkoDA.Sprint6.Task4.V18\Tyuiu.KulkoDA.Sprint6.Task4.V18.csproj", "{240F4ECD-A0F2-4EBF-A74A-8011E766CBC9}"
EndProject
Project("{2150E333-8FDC-42A3-9474-1A3956D46DE8}") = "Task5", "Task5", "{B98D77AC-3C74-42D6-9E24-6B86792C8DA8}"
EndProject
Project("{9A19103F-16F7-4668-BE54-9A1E7A4F7556}") = "Tyuiu.KulkoDA.Sprint6.Task5.V27.Lib", "Tyuiu.KulkoDA.Sprint6.Task5.V27.Lib\Tyuiu.KulkoDA.Sprint6.Task5.V27.Lib.csproj", "{C1FAA47C-4751-4716-9CD1-1B18A36445EE}"
EndProject
Project("{9A19103F-16F7-4668-BE54-9A1E7A4F7556}") = "Tyuiu.KulkoDA.Sprint6.Task5.V27.Test", "Tyuiu.KulkoDA.Sprint6.Task5.V27.Test\Tyuiu.KulkoDA.Sprint6.Task5.V27.Test.csproj", "{5A50B6E3-BE33-4B84-AF20-BD1D28243D04}"
EndProject
Project("{9A19103F-16F7-4668-BE54-9A1E7A4F7556}") = "Tyuiu.KulkoDA.Sprint6.Task5.V27", "Tyuiu.KulkoDA.Sprint6.Task5.V27\Tyuiu.KulkoDA.Sprint6.Task5.V27.csproj", "{F91F720E-9F86-4647-9945-A4B3CE742E10}"
EndProject
Project("{2150E333-8FDC-42A3-9474-1A3956D46DE8}") = "Task6", "Task6", "{8F959369-F976-42F6-9B44-C28C9920D2A7}"
EndProject
Project("{9A19103F-16F7-4668-BE54-9A1E7A4F7556}") = "Tyuiu.KulkoDA.Sprint6.Task6.V8", "Tyuiu.KulkoDA.Sprint6.Task6.V8\Tyuiu.KulkoDA.Sprint6.Task6.V8.csproj", "{EB2F8A67-33D8-4C29-A828-839EF0617A61}"
EndProject
Project("{9A19103F-16F7-4668-BE54-9A1E7A4F7556}") = "Tyuiu.KulkoDA.Sprint6.Task6.V8.Lib", "Tyuiu.KulkoDA.Sprint6.Task6.V8.Lib\Tyuiu.KulkoDA.Sprint6.Task6.V8.Lib.csproj", "{72A2967D-B32F-4B93-8902-B2E1F412B0A9}"
EndProject
Project("{9A19103F-16F7-4668-BE54-9A1E7A4F7556}") = "Tyuiu.KulkoDA.Sprint6.Task6.V8.Test", "Tyuiu.KulkoDA.Sprint6.Task6.V8.Test\Tyuiu.KulkoDA.Sprint6.Task6.V8.Test.csproj", "{CBEE5051-619A-4C3A-B76E-4EE0A7F384B9}"
EndProject
Project("{2150E333-8FDC-42A3-9474-1A3956D46DE8}") = "Task7", "Task7", "{4794D3C2-C3DF-4AF7-9CDB-ECD59E4C2647}"
EndProject
Project("{FAE04EC0-301F-11D3-BF4B-00C04F79EFBC}") = "Tyuiu.KulkoDA.Sprint6.Task7.V13", "Tyuiu.KulkoDA.Sprint6.Task7.V13\Tyuiu.KulkoDA.Sprint6.Task7.V13.csproj", "{AE8B8C74-62A5-4265-BF9B-F2BC445EF249}"
EndProject
Project("{FAE04EC0-301F-11D3-BF4B-00C04F79EFBC}") = "Tyuiu.KulkoDA.Sprint6.Task7.V13.Lib", "Tyuiu.KulkoDA.Sprint6.Task7.V13.Lib\Tyuiu.KulkoDA.Sprint6.Task7.V13.Lib.csproj", "{A6911942-AE80-48E5-9992-E83DAAD1ED47}"
EndProject
Project("{FAE04EC0-301F-11D3-BF4B-00C04F79EFBC}") = "Tyuiu.KulkoDA.Sprint6.Task7.V13.Test", "Tyuiu.KulkoDA.Sprint6.Task7.V13.Test\Tyuiu.KulkoDA.Sprint6.Task7.V13.Test.csproj", "{667051CB-36DD-40CD-85D6-0A75ECEBE5EC}"
EndProject
Global
	GlobalSection(SolutionConfigurationPlatforms) = preSolution
		Debug|Any CPU = Debug|Any CPU
		Release|Any CPU = Release|Any CPU
	EndGlobalSection
	GlobalSection(ProjectConfigurationPlatforms) = postSolution
		{CC798246-A809-49F3-B0AB-B39CB407D0BA}.Debug|Any CPU.ActiveCfg = Debug|Any CPU
		{CC798246-A809-49F3-B0AB-B39CB407D0BA}.Debug|Any CPU.Build.0 = Debug|Any CPU
		{CC798246-A809-49F3-B0AB-B39CB407D0BA}.Release|Any CPU.ActiveCfg = Release|Any CPU
		{CC798246-A809-49F3-B0AB-B39CB407D0BA}.Release|Any CPU.Build.0 = Release|Any CPU
		{E9902F09-A531-4042-B543-AF5C94C48876}.Debug|Any CPU.ActiveCfg = Debug|Any CPU
		{E9902F09-A531-4042-B543-AF5C94C48876}.Debug|Any CPU.Build.0 = Debug|Any CPU
		{E9902F09-A531-4042-B543-AF5C94C48876}.Release|Any CPU.ActiveCfg = Release|Any CPU
		{E9902F09-A531-4042-B543-AF5C94C48876}.Release|Any CPU.Build.0 = Release|Any CPU
		{6A61C6DF-60AB-486E-941F-2AEFDF12A9F9}.Debug|Any CPU.ActiveCfg = Debug|Any CPU
		{6A61C6DF-60AB-486E-941F-2AEFDF12A9F9}.Debug|Any CPU.Build.0 = Debug|Any CPU
		{6A61C6DF-60AB-486E-941F-2AEFDF12A9F9}.Release|Any CPU.ActiveCfg = Release|Any CPU
		{6A61C6DF-60AB-486E-941F-2AEFDF12A9F9}.Release|Any CPU.Build.0 = Release|Any CPU
		{69410210-13C0-415A-B75D-7D4BA4D65D4E}.Debug|Any CPU.ActiveCfg = Debug|Any CPU
		{69410210-13C0-415A-B75D-7D4BA4D65D4E}.Debug|Any CPU.Build.0 = Debug|Any CPU
		{69410210-13C0-415A-B75D-7D4BA4D65D4E}.Release|Any CPU.ActiveCfg = Release|Any CPU
		{69410210-13C0-415A-B75D-7D4BA4D65D4E}.Release|Any CPU.Build.0 = Release|Any CPU
		{00649BC8-42FC-458E-AB65-20D57B8F6F74}.Debug|Any CPU.ActiveCfg = Debug|Any CPU
		{00649BC8-42FC-458E-AB65-20D57B8F6F74}.Debug|Any CPU.Build.0 = Debug|Any CPU
		{00649BC8-42FC-458E-AB65-20D57B8F6F74}.Release|Any CPU.ActiveCfg = Release|Any CPU
		{00649BC8-42FC-458E-AB65-20D57B8F6F74}.Release|Any CPU.Build.0 = Release|Any CPU
		{F3BC00F8-6AC3-4035-A883-53085A5F6A46}.Debug|Any CPU.ActiveCfg = Debug|Any CPU
		{F3BC00F8-6AC3-4035-A883-53085A5F6A46}.Debug|Any CPU.Build.0 = Debug|Any CPU
		{F3BC00F8-6AC3-4035-A883-53085A5F6A46}.Release|Any CPU.ActiveCfg = Release|Any CPU
		{F3BC00F8-6AC3-4035-A883-53085A5F6A46}.Release|Any CPU.Build.0 = Release|Any CPU
		{54C0E8A6-60AB-4F31-B730-9E8848A01848}.Debug|Any CPU.ActiveCfg = Debug|Any CPU
		{54C0E8A6-60AB-4F31-B730-9E8848A01848}.Debug|Any CPU.Build.0 = Debug|Any CPU
		{54C0E8A6-60AB-4F31-B730-9E8848A01848}.Release|Any CPU.ActiveCfg = Release|Any CPU
		{54C0E8A6-60AB-4F31-B730-9E8848A01848}.Release|Any CPU.Build.0 = Release|Any CPU
		{7E36B55C-F2BD-41D8-8A8B-5E22843F5AD8}.Debug|Any CPU.ActiveCfg = Debug|Any CPU
		{7E36B55C-F2BD-41D8-8A8B-5E22843F5AD8}.Debug|Any CPU.Build.0 = Debug|Any CPU
		{7E36B55C-F2BD-41D8-8A8B-5E22843F5AD8}.Release|Any CPU.ActiveCfg = Release|Any CPU
		{7E36B55C-F2BD-41D8-8A8B-5E22843F5AD8}.Release|Any CPU.Build.0 = Release|Any CPU
		{2B0A080B-7452-4920-A94B-04A3B488EF3C}.Debug|Any CPU.ActiveCfg = Debug|Any CPU
		{2B0A080B-7452-4920-A94B-04A3B488EF3C}.Debug|Any CPU.Build.0 = Debug|Any CPU
		{2B0A080B-7452-4920-A94B-04A3B488EF3C}.Release|Any CPU.ActiveCfg = Release|Any CPU
		{2B0A080B-7452-4920-A94B-04A3B488EF3C}.Release|Any CPU.Build.0 = Release|Any CPU
		{8B6944CF-93D3-442A-843C-56827EB2C196}.Debug|Any CPU.ActiveCfg = Debug|Any CPU
		{8B6944CF-93D3-442A-843C-56827EB2C196}.Debug|Any CPU.Build.0 = Debug|Any CPU
		{8B6944CF-93D3-442A-843C-56827EB2C196}.Release|Any CPU.ActiveCfg = Release|Any CPU
		{8B6944CF-93D3-442A-843C-56827EB2C196}.Release|Any CPU.Build.0 = Release|Any CPU
		{2401F83D-D8AD-4EBA-965F-1C801C5DCA43}.Debug|Any CPU.ActiveCfg = Debug|Any CPU
		{2401F83D-D8AD-4EBA-965F-1C801C5DCA43}.Debug|Any CPU.Build.0 = Debug|Any CPU
		{2401F83D-D8AD-4EBA-965F-1C801C5DCA43}.Release|Any CPU.ActiveCfg = Release|Any CPU
		{2401F83D-D8AD-4EBA-965F-1C801C5DCA43}.Release|Any CPU.Build.0 = Release|Any CPU
		{070B4E60-A7DF-4647-823C-7D6D241487C3}.Debug|Any CPU.ActiveCfg = Debug|Any CPU
		{070B4E60-A7DF-4647-823C-7D6D241487C3}.Debug|Any CPU.Build.0 = Debug|Any CPU
		{070B4E60-A7DF-4647-823C-7D6D241487C3}.Release|Any CPU.ActiveCfg = Release|Any CPU
		{070B4E60-A7DF-4647-823C-7D6D241487C3}.Release|Any CPU.Build.0 = Release|Any CPU
		{1CEBEBFE-E5D5-485A-8631-1C49AA96FB6E}.Debug|Any CPU.ActiveCfg = Debug|Any CPU
		{1CEBEBFE-E5D5-485A-8631-1C49AA96FB6E}.Debug|Any CPU.Build.0 = Debug|Any CPU
		{1CEBEBFE-E5D5-485A-8631-1C49AA96FB6E}.Release|Any CPU.ActiveCfg = Release|Any CPU
		{1CEBEBFE-E5D5-485A-8631-1C49AA96FB6E}.Release|Any CPU.Build.0 = Release|Any CPU
		{48DBFB9C-6FAE-4553-92B7-8F9AFC9A6042}.Debug|Any CPU.ActiveCfg = Debug|Any CPU
		{48DBFB9C-6FAE-4553-92B7-8F9AFC9A6042}.Debug|Any CPU.Build.0 = Debug|Any CPU
		{48DBFB9C-6FAE-4553-92B7-8F9AFC9A6042}.Release|Any CPU.ActiveCfg = Release|Any CPU
		{48DBFB9C-6FAE-4553-92B7-8F9AFC9A6042}.Release|Any CPU.Build.0 = Release|Any CPU
		{240F4ECD-A0F2-4EBF-A74A-8011E766CBC9}.Debug|Any CPU.ActiveCfg = Debug|Any CPU
		{240F4ECD-A0F2-4EBF-A74A-8011E766CBC9}.Debug|Any CPU.Build.0 = Debug|Any CPU
		{240F4ECD-A0F2-4EBF-A74A-8011E766CBC9}.Release|Any CPU.ActiveCfg = Release|Any CPU
		{240F4ECD-A0F2-4EBF-A74A-8011E766CBC9}.Release|Any CPU.Build.0 = Release|Any CPU
		{C1FAA47C-4751-4716-9CD1-1B18A36445EE}.Debug|Any CPU.ActiveCfg = Debug|Any CPU
		{C1FAA47C-4751-4716-9CD1-1B18A36445EE}.Debug|Any CPU.Build.0 = Debug|Any CPU
		{C1FAA47C-4751-4716-9CD1-1B18A36445EE}.Release|Any CPU.ActiveCfg = Release|Any CPU
		{C1FAA47C-4751-4716-9CD1-1B18A36445EE}.Release|Any CPU.Build.0 = Release|Any CPU
		{5A50B6E3-BE33-4B84-AF20-BD1D28243D04}.Debug|Any CPU.ActiveCfg = Debug|Any CPU
		{5A50B6E3-BE33-4B84-AF20-BD1D28243D04}.Debug|Any CPU.Build.0 = Debug|Any CPU
		{5A50B6E3-BE33-4B84-AF20-BD1D28243D04}.Release|Any CPU.ActiveCfg = Release|Any CPU
		{5A50B6E3-BE33-4B84-AF20-BD1D28243D04}.Release|Any CPU.Build.0 = Release|Any CPU
		{F91F720E-9F86-4647-9945-A4B3CE742E10}.Debug|Any CPU.ActiveCfg = Debug|Any CPU
		{F91F720E-9F86-4647-9945-A4B3CE742E10}.Debug|Any CPU.Build.0 = Debug|Any CPU
		{F91F720E-9F86-4647-9945-A4B3CE742E10}.Release|Any CPU.ActiveCfg = Release|Any CPU
		{F91F720E-9F86-4647-9945-A4B3CE742E10}.Release|Any CPU.Build.0 = Release|Any CPU
		{EB2F8A67-33D8-4C29-A828-839EF0617A61}.Debug|Any CPU.ActiveCfg = Debug|Any CPU
		{EB2F8A67-33D8-4C29-A828-839EF0617A61}.Debug|Any CPU.Build.0 = Debug|Any CPU
		{EB2F8A67-33D8-4C29-A828-839EF0617A61}.Release|Any CPU.ActiveCfg = Release|Any CPU
		{EB2F8A67-33D8-4C29-A828-839EF0617A61}.Release|Any CPU.Build.0 = Release|Any CPU
		{72A2967D-B32F-4B93-8902-B2E1F412B0A9}.Debug|Any CPU.ActiveCfg = Debug|Any CPU
		{72A2967D-B32F-4B93-8902-B2E1F412B0A9}.Debug|Any CPU.Build.0 = Debug|Any CPU
		{72A2967D-B32F-4B93-8902-B2E1F412B0A9}.Release|Any CPU.ActiveCfg = Release|Any CPU
		{72A2967D-B32F-4B93-8902-B2E1F412B0A9}.Release|Any CPU.Build.0 = Release|Any CPU
		{CBEE5051-619A-4C3A-B76E-4EE0A7F384B9}.Debug|Any CPU.ActiveCfg = Debug|Any CPU
		{CBEE5051-619A-4C3A-B76E-4EE0A7F384B9}.Debug|Any CPU.Build.0 = Debug|Any CPU
		{CBEE5051-619A-4C3A-B76E-4EE0A7F384B9}.Release|Any CPU.ActiveCfg = Release|Any CPU
		{CBEE5051-619A-4C3A-B76E-4EE0A7F384B9}.Release|Any CPU.Build.0 = Release|Any CPU
		{AE8B8C74-62A5-4265-BF9B-F2BC445EF249}.Debug|Any CPU.ActiveCfg = Debug|Any CPU
		{AE8B8C74-62A5-4265-BF9B-F2BC445EF249}.Debug|Any CPU.Build.0 = Debug|Any CPU
		{AE8B8C74-62A5-4265-BF9B-F2BC445EF249}.Release|Any CPU.ActiveCfg = Release|Any CPU
		{AE8B8C74-62A5-4265-BF9B-F2BC445EF249}.Release|Any CPU.Build.0 = Release|Any CPU
		{A6911942-AE80-48E5-9992-E83DAAD1ED47}.Debug|Any CPU.ActiveCfg = Debug|Any CPU
		{A6911942-AE80-48E5-9992-E83DAAD1ED47}.Debug|Any CPU.Build.0 = Debug|Any CPU
		{A6911942-AE80-48E5-9992-E83DAAD1ED47}.Release|Any CPU.ActiveCfg = Release|Any CPU
		{A6911942-AE80-48E5-9992-E83DAAD1ED47}.Release|Any CPU.Build.0 = Release|Any CPU
		{667051CB-36DD-40CD-85D6-0A75ECEBE5EC}.Debug|Any CPU.ActiveCfg = Debug|Any CPU
		{667051CB-36DD-40CD-85D6-0A75ECEBE5EC}.Debug|Any CPU.Build.0 = Debug|Any CPU
		{667051CB-36DD-40CD-85D6-0A75ECEBE5EC}.Release|Any CPU.ActiveCfg = Release|Any CPU
		{667051CB-36DD-40CD-85D6-0A75ECEBE5EC}.Release|Any CPU.Build.0 = Release|Any CPU
	EndGlobalSection
	GlobalSection(SolutionProperties) = preSolution
		HideSolutionNode = FALSE
	EndGlobalSection
	GlobalSection(NestedProjects) = preSolution
		{CC798246-A809-49F3-B0AB-B39CB407D0BA} = {C0CA6095-FD5D-499D-8993-F304CEF57624}
		{E9902F09-A531-4042-B543-AF5C94C48876} = {C0CA6095-FD5D-499D-8993-F304CEF57624}
		{6A61C6DF-60AB-486E-941F-2AEFDF12A9F9} = {C0CA6095-FD5D-499D-8993-F304CEF57624}
		{69410210-13C0-415A-B75D-7D4BA4D65D4E} = {3A630D00-C1ED-4BFC-A40F-C70ABF53A275}
		{00649BC8-42FC-458E-AB65-20D57B8F6F74} = {3A630D00-C1ED-4BFC-A40F-C70ABF53A275}
		{F3BC00F8-6AC3-4035-A883-53085A5F6A46} = {3A630D00-C1ED-4BFC-A40F-C70ABF53A275}
		{54C0E8A6-60AB-4F31-B730-9E8848A01848} = {9546060E-A9E0-444A-A701-FDB7BCF89EB5}
		{7E36B55C-F2BD-41D8-8A8B-5E22843F5AD8} = {9546060E-A9E0-444A-A701-FDB7BCF89EB5}
		{2B0A080B-7452-4920-A94B-04A3B488EF3C} = {9546060E-A9E0-444A-A701-FDB7BCF89EB5}
		{8B6944CF-93D3-442A-843C-56827EB2C196} = {5B56BEBF-2252-48DF-B71E-3E81A3E77351}
		{2401F83D-D8AD-4EBA-965F-1C801C5DCA43} = {5B56BEBF-2252-48DF-B71E-3E81A3E77351}
		{070B4E60-A7DF-4647-823C-7D6D241487C3} = {5B56BEBF-2252-48DF-B71E-3E81A3E77351}
		{1CEBEBFE-E5D5-485A-8631-1C49AA96FB6E} = {502EBA86-1872-43C1-A9E0-15D98A2D8A68}
		{48DBFB9C-6FAE-4553-92B7-8F9AFC9A6042} = {502EBA86-1872-43C1-A9E0-15D98A2D8A68}
		{240F4ECD-A0F2-4EBF-A74A-8011E766CBC9} = {502EBA86-1872-43C1-A9E0-15D98A2D8A68}
		{C1FAA47C-4751-4716-9CD1-1B18A36445EE} = {B98D77AC-3C74-42D6-9E24-6B86792C8DA8}
		{5A50B6E3-BE33-4B84-AF20-BD1D28243D04} = {B98D77AC-3C74-42D6-9E24-6B86792C8DA8}
		{F91F720E-9F86-4647-9945-A4B3CE742E10} = {B98D77AC-3C74-42D6-9E24-6B86792C8DA8}
		{EB2F8A67-33D8-4C29-A828-839EF0617A61} = {8F959369-F976-42F6-9B44-C28C9920D2A7}
		{72A2967D-B32F-4B93-8902-B2E1F412B0A9} = {8F959369-F976-42F6-9B44-C28C9920D2A7}
		{CBEE5051-619A-4C3A-B76E-4EE0A7F384B9} = {8F959369-F976-42F6-9B44-C28C9920D2A7}
		{AE8B8C74-62A5-4265-BF9B-F2BC445EF249} = {4794D3C2-C3DF-4AF7-9CDB-ECD59E4C2647}
		{A6911942-AE80-48E5-9992-E83DAAD1ED47} = {4794D3C2-C3DF-4AF7-9CDB-ECD59E4C2647}
		{667051CB-36DD-40CD-85D6-0A75ECEBE5EC} = {4794D3C2-C3DF-4AF7-9CDB-ECD59E4C2647}
	EndGlobalSection
	GlobalSection(ExtensibilityGlobals) = postSolution
		SolutionGuid = {AC372C9F-F524-4DC8-A476-CC72DD9F3F6A}
	EndGlobalSection
EndGlobal
